
Microsoft Visual Studio Solution File, Format Version 12.00
# Visual Studio 15
VisualStudioVersion = 15.0.26228.9
MinimumVisualStudioVersion = 10.0.40219.1
Project("{FAE04EC0-301F-11D3-BF4B-00C04F79EFBC}") = "WirelessTagConnector", "WirelessTagConnector\WirelessTagConnector.csproj", "{4EF02E38-E55A-478D-8CF9-702A1931BBFF}"
EndProject
Project("{FAE04EC0-301F-11D3-BF4B-00C04F79EFBC}") = "EMWirelessTagConnector", "EMWirelessTagConnector\EMWirelessTagConnector.csproj", "{2CF45C9E-93FD-4D5C-AB21-96C54D6B393A}"
EndProject
Project("{54435603-DBB4-11D2-8724-00A0C9A8B90C}") = "EMConnectorSetup", "EMConnectorSetup\EMConnectorSetup.vdproj", "{F1E8D2E5-6940-455E-BAA7-51D03CF58B93}"
EndProject
Global
	GlobalSection(SolutionConfigurationPlatforms) = preSolution
		Debug|Any CPU = Debug|Any CPU
		Release|Any CPU = Release|Any CPU
	EndGlobalSection
	GlobalSection(ProjectConfigurationPlatforms) = postSolution
		{4EF02E38-E55A-478D-8CF9-702A1931BBFF}.Debug|Any CPU.ActiveCfg = Debug|Any CPU
		{4EF02E38-E55A-478D-8CF9-702A1931BBFF}.Debug|Any CPU.Build.0 = Debug|Any CPU
		{4EF02E38-E55A-478D-8CF9-702A1931BBFF}.Release|Any CPU.ActiveCfg = Release|Any CPU
		{4EF02E38-E55A-478D-8CF9-702A1931BBFF}.Release|Any CPU.Build.0 = Release|Any CPU
		{2CF45C9E-93FD-4D5C-AB21-96C54D6B393A}.Debug|Any CPU.ActiveCfg = Debug|Any CPU
		{2CF45C9E-93FD-4D5C-AB21-96C54D6B393A}.Debug|Any CPU.Build.0 = Debug|Any CPU
		{2CF45C9E-93FD-4D5C-AB21-96C54D6B393A}.Release|Any CPU.ActiveCfg = Release|Any CPU
		{2CF45C9E-93FD-4D5C-AB21-96C54D6B393A}.Release|Any CPU.Build.0 = Release|Any CPU
		{F1E8D2E5-6940-455E-BAA7-51D03CF58B93}.Debug|Any CPU.ActiveCfg = Debug
		{F1E8D2E5-6940-455E-BAA7-51D03CF58B93}.Release|Any CPU.ActiveCfg = Release
	EndGlobalSection
	GlobalSection(SolutionProperties) = preSolution
		HideSolutionNode = FALSE
	EndGlobalSection
EndGlobal
